
Microsoft Visual Studio Solution File, Format Version 12.00
# Visual Studio Version 17
VisualStudioVersion = 17.10.35027.167
MinimumVisualStudioVersion = 10.0.40219.1
Project("{FAE04EC0-301F-11D3-BF4B-00C04F79EFBC}") = "SGA.Backend", "SGA.Backend\SGA.Backend.csproj", "{13E6CEF2-CE69-4952-A436-48B8BF702CA3}"
EndProject
Project("{FAE04EC0-301F-11D3-BF4B-00C04F79EFBC}") = "SGA.Shared", "SGA.Shared\SGA.Shared.csproj", "{FEC5581D-F4C4-4ECB-B6E0-4E7908315885}"
EndProject
Global
	GlobalSection(SolutionConfigurationPlatforms) = preSolution
		Debug|Any CPU = Debug|Any CPU
		Release|Any CPU = Release|Any CPU
	EndGlobalSection
	GlobalSection(ProjectConfigurationPlatforms) = postSolution
		{13E6CEF2-CE69-4952-A436-48B8BF702CA3}.Debug|Any CPU.ActiveCfg = Debug|Any CPU
		{13E6CEF2-CE69-4952-A436-48B8BF702CA3}.Debug|Any CPU.Build.0 = Debug|Any CPU
		{13E6CEF2-CE69-4952-A436-48B8BF702CA3}.Release|Any CPU.ActiveCfg = Release|Any CPU
		{13E6CEF2-CE69-4952-A436-48B8BF702CA3}.Release|Any CPU.Build.0 = Release|Any CPU
		{FEC5581D-F4C4-4ECB-B6E0-4E7908315885}.Debug|Any CPU.ActiveCfg = Debug|Any CPU
		{FEC5581D-F4C4-4ECB-B6E0-4E7908315885}.Debug|Any CPU.Build.0 = Debug|Any CPU
		{FEC5581D-F4C4-4ECB-B6E0-4E7908315885}.Release|Any CPU.ActiveCfg = Release|Any CPU
		{FEC5581D-F4C4-4ECB-B6E0-4E7908315885}.Release|Any CPU.Build.0 = Release|Any CPU
	EndGlobalSection
	GlobalSection(SolutionProperties) = preSolution
		HideSolutionNode = FALSE
	EndGlobalSection
	GlobalSection(ExtensibilityGlobals) = postSolution
		SolutionGuid = {6D6CBAE2-19F6-4F64-8D1A-49482571D3B3}
	EndGlobalSection
EndGlobal
